
Microsoft Visual Studio Solution File, Format Version 12.00
# Visual Studio Version 16
VisualStudioVersion = 16.0.29806.167
MinimumVisualStudioVersion = 10.0.40219.1
Project("{9A19103F-16F7-4668-BE54-9A1E7A4F7556}") = "WebApp", "WebApp\WebApp.csproj", "{6B6F6F50-8ED4-4FCA-9162-BF704816AD9D}"
EndProject
Project("{9A19103F-16F7-4668-BE54-9A1E7A4F7556}") = "Domain", "Domain\Domain.csproj", "{3D583146-E53E-4920-8734-76D723B680AA}"
EndProject
Project("{9A19103F-16F7-4668-BE54-9A1E7A4F7556}") = "Domain.Tests", "Cultural HubTest\Domain.Tests.csproj", "{80435B4E-F96A-4A55-9730-1B2FFE6C648C}"
EndProject
Project("{2150E333-8FDC-42A3-9474-1A3956D46DE8}") = "Tests", "Tests", "{D03BBE56-CEB7-433F-AB3E-D3AF21CE3B24}"
EndProject
Project("{9A19103F-16F7-4668-BE54-9A1E7A4F7556}") = "Services", "Services\Services.csproj", "{6269C3B4-1B23-400A-A432-4A086EC961D2}"
EndProject
Project("{2150E333-8FDC-42A3-9474-1A3956D46DE8}") = "1.FrameworksAndDrivers", "1.FrameworksAndDrivers", "{44D5E1C1-35C4-45DC-94F6-8687A7F31159}"
EndProject
Project("{2150E333-8FDC-42A3-9474-1A3956D46DE8}") = "2.InterfaceAdapters", "2.InterfaceAdapters", "{6733E53E-F8E9-40D2-BCB5-4F4D89FEC097}"
EndProject
Project("{2150E333-8FDC-42A3-9474-1A3956D46DE8}") = "3.ApplicationBusinessRules", "3.ApplicationBusinessRules", "{D826D308-4464-4D7C-9301-EB7F86FACB56}"
EndProject
Project("{2150E333-8FDC-42A3-9474-1A3956D46DE8}") = "4.EnterpriseBusinessRules", "4.EnterpriseBusinessRules", "{2C81D964-6CB2-4760-8E35-5C7C3620862A}"
EndProject
Project("{FAE04EC0-301F-11D3-BF4B-00C04F79EFBC}") = "Repository.InMemory", "Repository.InMemory\Repository.InMemory.csproj", "{0EE8267D-935B-40D3-984A-8252D04EC59E}"
EndProject
Project("{FAE04EC0-301F-11D3-BF4B-00C04F79EFBC}") = "Repository.SQL", "Repository.SQL\Repository.SQL.csproj", "{E2BD1717-2BCA-4016-BB47-F7C8C9C6E73C}"
EndProject
Global
	GlobalSection(SolutionConfigurationPlatforms) = preSolution
		Debug|Any CPU = Debug|Any CPU
		Release|Any CPU = Release|Any CPU
	EndGlobalSection
	GlobalSection(ProjectConfigurationPlatforms) = postSolution
		{6B6F6F50-8ED4-4FCA-9162-BF704816AD9D}.Debug|Any CPU.ActiveCfg = Debug|Any CPU
		{6B6F6F50-8ED4-4FCA-9162-BF704816AD9D}.Debug|Any CPU.Build.0 = Debug|Any CPU
		{6B6F6F50-8ED4-4FCA-9162-BF704816AD9D}.Release|Any CPU.ActiveCfg = Release|Any CPU
		{6B6F6F50-8ED4-4FCA-9162-BF704816AD9D}.Release|Any CPU.Build.0 = Release|Any CPU
		{3D583146-E53E-4920-8734-76D723B680AA}.Debug|Any CPU.ActiveCfg = Debug|Any CPU
		{3D583146-E53E-4920-8734-76D723B680AA}.Debug|Any CPU.Build.0 = Debug|Any CPU
		{3D583146-E53E-4920-8734-76D723B680AA}.Release|Any CPU.ActiveCfg = Release|Any CPU
		{3D583146-E53E-4920-8734-76D723B680AA}.Release|Any CPU.Build.0 = Release|Any CPU
		{80435B4E-F96A-4A55-9730-1B2FFE6C648C}.Debug|Any CPU.ActiveCfg = Debug|Any CPU
		{80435B4E-F96A-4A55-9730-1B2FFE6C648C}.Debug|Any CPU.Build.0 = Debug|Any CPU
		{80435B4E-F96A-4A55-9730-1B2FFE6C648C}.Release|Any CPU.ActiveCfg = Release|Any CPU
		{80435B4E-F96A-4A55-9730-1B2FFE6C648C}.Release|Any CPU.Build.0 = Release|Any CPU
		{6269C3B4-1B23-400A-A432-4A086EC961D2}.Debug|Any CPU.ActiveCfg = Debug|Any CPU
		{6269C3B4-1B23-400A-A432-4A086EC961D2}.Debug|Any CPU.Build.0 = Debug|Any CPU
		{6269C3B4-1B23-400A-A432-4A086EC961D2}.Release|Any CPU.ActiveCfg = Release|Any CPU
		{6269C3B4-1B23-400A-A432-4A086EC961D2}.Release|Any CPU.Build.0 = Release|Any CPU
		{0EE8267D-935B-40D3-984A-8252D04EC59E}.Debug|Any CPU.ActiveCfg = Debug|Any CPU
		{0EE8267D-935B-40D3-984A-8252D04EC59E}.Debug|Any CPU.Build.0 = Debug|Any CPU
		{0EE8267D-935B-40D3-984A-8252D04EC59E}.Release|Any CPU.ActiveCfg = Release|Any CPU
		{0EE8267D-935B-40D3-984A-8252D04EC59E}.Release|Any CPU.Build.0 = Release|Any CPU
		{E2BD1717-2BCA-4016-BB47-F7C8C9C6E73C}.Debug|Any CPU.ActiveCfg = Debug|Any CPU
		{E2BD1717-2BCA-4016-BB47-F7C8C9C6E73C}.Debug|Any CPU.Build.0 = Debug|Any CPU
		{E2BD1717-2BCA-4016-BB47-F7C8C9C6E73C}.Release|Any CPU.ActiveCfg = Release|Any CPU
		{E2BD1717-2BCA-4016-BB47-F7C8C9C6E73C}.Release|Any CPU.Build.0 = Release|Any CPU
	EndGlobalSection
	GlobalSection(SolutionProperties) = preSolution
		HideSolutionNode = FALSE
	EndGlobalSection
	GlobalSection(NestedProjects) = preSolution
		{6B6F6F50-8ED4-4FCA-9162-BF704816AD9D} = {44D5E1C1-35C4-45DC-94F6-8687A7F31159}
		{3D583146-E53E-4920-8734-76D723B680AA} = {2C81D964-6CB2-4760-8E35-5C7C3620862A}
		{80435B4E-F96A-4A55-9730-1B2FFE6C648C} = {D03BBE56-CEB7-433F-AB3E-D3AF21CE3B24}
		{6269C3B4-1B23-400A-A432-4A086EC961D2} = {D826D308-4464-4D7C-9301-EB7F86FACB56}
		{0EE8267D-935B-40D3-984A-8252D04EC59E} = {44D5E1C1-35C4-45DC-94F6-8687A7F31159}
		{E2BD1717-2BCA-4016-BB47-F7C8C9C6E73C} = {44D5E1C1-35C4-45DC-94F6-8687A7F31159}
	EndGlobalSection
	GlobalSection(ExtensibilityGlobals) = postSolution
		SolutionGuid = {02CA4731-48A3-4983-AC5B-E063F6EFE5EB}
	EndGlobalSection
EndGlobal
