
Microsoft Visual Studio Solution File, Format Version 12.00
# Visual Studio Version 16
VisualStudioVersion = 16.0.29806.167
MinimumVisualStudioVersion = 10.0.40219.1
Project("{9A19103F-16F7-4668-BE54-9A1E7A4F7556}") = "WebApp", "WebApp\WebApp.csproj", "{6B6F6F50-8ED4-4FCA-9162-BF704816AD9D}"
EndProject
Project("{9A19103F-16F7-4668-BE54-9A1E7A4F7556}") = "Domain", "Domain\Domain.csproj", "{3D583146-E53E-4920-8734-76D723B680AA}"
EndProject
Project("{9A19103F-16F7-4668-BE54-9A1E7A4F7556}") = "Domain.Tests", "Cultural HubTest\Domain.Tests.csproj", "{80435B4E-F96A-4A55-9730-1B2FFE6C648C}"
EndProject
Project("{2150E333-8FDC-42A3-9474-1A3956D46DE8}") = "Tests", "Tests", "{D03BBE56-CEB7-433F-AB3E-D3AF21CE3B24}"
EndProject
Project("{9A19103F-16F7-4668-BE54-9A1E7A4F7556}") = "Services", "Services\Services.csproj", "{9B9D0B06-E08C-4529-B71A-1DDA35952532}"
EndProject
Project("{2150E333-8FDC-42A3-9474-1A3956D46DE8}") = "1.FrameworksAndDrivers", "1.FrameworksAndDrivers", "{7ADDCA40-E980-47AF-9F6B-07F5E16A438D}"
EndProject
Project("{2150E333-8FDC-42A3-9474-1A3956D46DE8}") = "2.InterfaceAdapters", "2.InterfaceAdapters", "{28A41D1B-DF38-48C3-91E8-06007E5C7FD8}"
EndProject
Project("{2150E333-8FDC-42A3-9474-1A3956D46DE8}") = "3.ApplicationBusinessRules", "3.ApplicationBusinessRules", "{13D40CAF-20C0-40FA-8B72-B5E35B21A6E8}"
EndProject
Project("{2150E333-8FDC-42A3-9474-1A3956D46DE8}") = "4.EnterpriseBusinessRules", "4.EnterpriseBusinessRules", "{C936AE52-C881-4411-B446-F2CC22C5F816}"
EndProject
Project("{9A19103F-16F7-4668-BE54-9A1E7A4F7556}") = "Repository.InMemory", "Repository.InMemory\Repository.InMemory.csproj", "{9E7523D1-D542-4990-AB2D-6CD6387DCA01}"
EndProject
Project("{9A19103F-16F7-4668-BE54-9A1E7A4F7556}") = "Repository.SQL", "Repository.SQL\Repository.SQL.csproj", "{A1665933-38B4-4893-AD53-855D8752425A}"
EndProject
Project("{FAE04EC0-301F-11D3-BF4B-00C04F79EFBC}") = "WebAppClient", "WebAppClient\WebAppClient.csproj", "{DDEAAA25-2733-4F40-AB10-44C06BAC07DC}"
EndProject
Global
	GlobalSection(SolutionConfigurationPlatforms) = preSolution
		Debug|Any CPU = Debug|Any CPU
		Release|Any CPU = Release|Any CPU
	EndGlobalSection
	GlobalSection(ProjectConfigurationPlatforms) = postSolution
		{6B6F6F50-8ED4-4FCA-9162-BF704816AD9D}.Debug|Any CPU.ActiveCfg = Debug|Any CPU
		{6B6F6F50-8ED4-4FCA-9162-BF704816AD9D}.Debug|Any CPU.Build.0 = Debug|Any CPU
		{6B6F6F50-8ED4-4FCA-9162-BF704816AD9D}.Release|Any CPU.ActiveCfg = Release|Any CPU
		{6B6F6F50-8ED4-4FCA-9162-BF704816AD9D}.Release|Any CPU.Build.0 = Release|Any CPU
		{3D583146-E53E-4920-8734-76D723B680AA}.Debug|Any CPU.ActiveCfg = Debug|Any CPU
		{3D583146-E53E-4920-8734-76D723B680AA}.Debug|Any CPU.Build.0 = Debug|Any CPU
		{3D583146-E53E-4920-8734-76D723B680AA}.Release|Any CPU.ActiveCfg = Release|Any CPU
		{3D583146-E53E-4920-8734-76D723B680AA}.Release|Any CPU.Build.0 = Release|Any CPU
		{80435B4E-F96A-4A55-9730-1B2FFE6C648C}.Debug|Any CPU.ActiveCfg = Debug|Any CPU
		{80435B4E-F96A-4A55-9730-1B2FFE6C648C}.Debug|Any CPU.Build.0 = Debug|Any CPU
		{80435B4E-F96A-4A55-9730-1B2FFE6C648C}.Release|Any CPU.ActiveCfg = Release|Any CPU
		{80435B4E-F96A-4A55-9730-1B2FFE6C648C}.Release|Any CPU.Build.0 = Release|Any CPU
		{9B9D0B06-E08C-4529-B71A-1DDA35952532}.Debug|Any CPU.ActiveCfg = Debug|Any CPU
		{9B9D0B06-E08C-4529-B71A-1DDA35952532}.Debug|Any CPU.Build.0 = Debug|Any CPU
		{9B9D0B06-E08C-4529-B71A-1DDA35952532}.Release|Any CPU.ActiveCfg = Release|Any CPU
		{9B9D0B06-E08C-4529-B71A-1DDA35952532}.Release|Any CPU.Build.0 = Release|Any CPU
		{9E7523D1-D542-4990-AB2D-6CD6387DCA01}.Debug|Any CPU.ActiveCfg = Debug|Any CPU
		{9E7523D1-D542-4990-AB2D-6CD6387DCA01}.Debug|Any CPU.Build.0 = Debug|Any CPU
		{9E7523D1-D542-4990-AB2D-6CD6387DCA01}.Release|Any CPU.ActiveCfg = Release|Any CPU
		{9E7523D1-D542-4990-AB2D-6CD6387DCA01}.Release|Any CPU.Build.0 = Release|Any CPU
		{A1665933-38B4-4893-AD53-855D8752425A}.Debug|Any CPU.ActiveCfg = Debug|Any CPU
		{A1665933-38B4-4893-AD53-855D8752425A}.Debug|Any CPU.Build.0 = Debug|Any CPU
		{A1665933-38B4-4893-AD53-855D8752425A}.Release|Any CPU.ActiveCfg = Release|Any CPU
		{A1665933-38B4-4893-AD53-855D8752425A}.Release|Any CPU.Build.0 = Release|Any CPU
		{DDEAAA25-2733-4F40-AB10-44C06BAC07DC}.Debug|Any CPU.ActiveCfg = Debug|Any CPU
		{DDEAAA25-2733-4F40-AB10-44C06BAC07DC}.Debug|Any CPU.Build.0 = Debug|Any CPU
		{DDEAAA25-2733-4F40-AB10-44C06BAC07DC}.Release|Any CPU.ActiveCfg = Release|Any CPU
		{DDEAAA25-2733-4F40-AB10-44C06BAC07DC}.Release|Any CPU.Build.0 = Release|Any CPU
	EndGlobalSection
	GlobalSection(SolutionProperties) = preSolution
		HideSolutionNode = FALSE
	EndGlobalSection
	GlobalSection(NestedProjects) = preSolution
		{6B6F6F50-8ED4-4FCA-9162-BF704816AD9D} = {7ADDCA40-E980-47AF-9F6B-07F5E16A438D}
		{3D583146-E53E-4920-8734-76D723B680AA} = {C936AE52-C881-4411-B446-F2CC22C5F816}
		{80435B4E-F96A-4A55-9730-1B2FFE6C648C} = {D03BBE56-CEB7-433F-AB3E-D3AF21CE3B24}
		{9B9D0B06-E08C-4529-B71A-1DDA35952532} = {13D40CAF-20C0-40FA-8B72-B5E35B21A6E8}
		{9E7523D1-D542-4990-AB2D-6CD6387DCA01} = {7ADDCA40-E980-47AF-9F6B-07F5E16A438D}
		{A1665933-38B4-4893-AD53-855D8752425A} = {7ADDCA40-E980-47AF-9F6B-07F5E16A438D}
		{DDEAAA25-2733-4F40-AB10-44C06BAC07DC} = {7ADDCA40-E980-47AF-9F6B-07F5E16A438D}
	EndGlobalSection
	GlobalSection(ExtensibilityGlobals) = postSolution
		SolutionGuid = {02CA4731-48A3-4983-AC5B-E063F6EFE5EB}
	EndGlobalSection
EndGlobal
